
Microsoft Visual Studio Solution File, Format Version 12.00
# Visual Studio Version 17
VisualStudioVersion = 17.4.33213.308
MinimumVisualStudioVersion = 10.0.40219.1
Project("{FAE04EC0-301F-11D3-BF4B-00C04F79EFBC}") = "OnlineFoodDeliverySystem", "OnlineFoodDeliverySystem\OnlineFoodDeliverySystem.csproj", "{808731CF-C456-4182-B9D2-DBE7789B278D}"
EndProject
Global
	GlobalSection(SolutionConfigurationPlatforms) = preSolution
		Debug|Any CPU = Debug|Any CPU
		Release|Any CPU = Release|Any CPU
	EndGlobalSection
	GlobalSection(ProjectConfigurationPlatforms) = postSolution
		{808731CF-C456-4182-B9D2-DBE7789B278D}.Debug|Any CPU.ActiveCfg = Debug|Any CPU
		{808731CF-C456-4182-B9D2-DBE7789B278D}.Debug|Any CPU.Build.0 = Debug|Any CPU
		{808731CF-C456-4182-B9D2-DBE7789B278D}.Release|Any CPU.ActiveCfg = Release|Any CPU
		{808731CF-C456-4182-B9D2-DBE7789B278D}.Release|Any CPU.Build.0 = Release|Any CPU
	EndGlobalSection
	GlobalSection(SolutionProperties) = preSolution
		HideSolutionNode = FALSE
	EndGlobalSection
	GlobalSection(ExtensibilityGlobals) = postSolution
		SolutionGuid = {FF91C1FD-91F5-4FC2-896C-B37EFA9638DB}
	EndGlobalSection
EndGlobal
